// !$*UTF8*$!
{
	archiveVersion = 1;
	classes = {
	};
	objectVersion = 50;
	objects = {

/* Begin PBXBuildFile section */
		60A43DA824E47333009A0E39 /* AppDelegate.swift in Sources */ = {isa = PBXBuildFile; fileRef = 60A43DA724E47333009A0E39 /* AppDelegate.swift */; };
		60A43DAA24E47333009A0E39 /* SceneDelegate.swift in Sources */ = {isa = PBXBuildFile; fileRef = 60A43DA924E47333009A0E39 /* SceneDelegate.swift */; };
		60A43DAC24E47333009A0E39 /* ContentView.swift in Sources */ = {isa = PBXBuildFile; fileRef = 60A43DAB24E47333009A0E39 /* ContentView.swift */; };
		60A43DAE24E47337009A0E39 /* Assets.xcassets in Resources */ = {isa = PBXBuildFile; fileRef = 60A43DAD24E47337009A0E39 /* Assets.xcassets */; };
		60A43DB424E47337009A0E39 /* LaunchScreen.storyboard in Resources */ = {isa = PBXBuildFile; fileRef = 60A43DB224E47337009A0E39 /* LaunchScreen.storyboard */; };
		60A43DBC24E475F6009A0E39 /* CustomTabBarView.swift in Sources */ = {isa = PBXBuildFile; fileRef = 60A43DBB24E475F6009A0E39 /* CustomTabBarView.swift */; };
		60A43DC724E4809F009A0E39 /* ProfileView.swift in Sources */ = {isa = PBXBuildFile; fileRef = 60A43DC624E4809F009A0E39 /* ProfileView.swift */; };
		60A624DC24E6D91E00EFDFCB /* DiscoverView.swift in Sources */ = {isa = PBXBuildFile; fileRef = 60A624DB24E6D91E00EFDFCB /* DiscoverView.swift */; };
		60A624DE24E6DDA300EFDFCB /* Recipe.swift in Sources */ = {isa = PBXBuildFile; fileRef = 60A624DD24E6DDA300EFDFCB /* Recipe.swift */; };
		60A624E024E6DEE700EFDFCB /* DiscoverViewModel.swift in Sources */ = {isa = PBXBuildFile; fileRef = 60A624DF24E6DEE700EFDFCB /* DiscoverViewModel.swift */; };
/* End PBXBuildFile section */

/* Begin PBXFileReference section */
		60A43DA424E47333009A0E39 /* recipeExampleApp.app */ = {isa = PBXFileReference; explicitFileType = wrapper.application; includeInIndex = 0; path = recipeExampleApp.app; sourceTree = BUILT_PRODUCTS_DIR; };
		60A43DA724E47333009A0E39 /* AppDelegate.swift */ = {isa = PBXFileReference; lastKnownFileType = sourcecode.swift; path = AppDelegate.swift; sourceTree = "<group>"; };
		60A43DA924E47333009A0E39 /* SceneDelegate.swift */ = {isa = PBXFileReference; lastKnownFileType = sourcecode.swift; path = SceneDelegate.swift; sourceTree = "<group>"; };
		60A43DAB24E47333009A0E39 /* ContentView.swift */ = {isa = PBXFileReference; lastKnownFileType = sourcecode.swift; path = ContentView.swift; sourceTree = "<group>"; };
		60A43DAD24E47337009A0E39 /* Assets.xcassets */ = {isa = PBXFileReference; lastKnownFileType = folder.assetcatalog; path = Assets.xcassets; sourceTree = "<group>"; };
		60A43DB324E47337009A0E39 /* Base */ = {isa = PBXFileReference; lastKnownFileType = file.storyboard; name = Base; path = Base.lproj/LaunchScreen.storyboard; sourceTree = "<group>"; };
		60A43DB524E47337009A0E39 /* Info.plist */ = {isa = PBXFileReference; lastKnownFileType = text.plist.xml; path = Info.plist; sourceTree = "<group>"; };
		60A43DBB24E475F6009A0E39 /* CustomTabBarView.swift */ = {isa = PBXFileReference; lastKnownFileType = sourcecode.swift; path = CustomTabBarView.swift; sourceTree = "<group>"; };
		60A43DC624E4809F009A0E39 /* ProfileView.swift */ = {isa = PBXFileReference; lastKnownFileType = sourcecode.swift; path = ProfileView.swift; sourceTree = "<group>"; };
		60A624DB24E6D91E00EFDFCB /* DiscoverView.swift */ = {isa = PBXFileReference; lastKnownFileType = sourcecode.swift; path = DiscoverView.swift; sourceTree = "<group>"; };
		60A624DD24E6DDA300EFDFCB /* Recipe.swift */ = {isa = PBXFileReference; lastKnownFileType = sourcecode.swift; path = Recipe.swift; sourceTree = "<group>"; };
		60A624DF24E6DEE700EFDFCB /* DiscoverViewModel.swift */ = {isa = PBXFileReference; lastKnownFileType = sourcecode.swift; path = DiscoverViewModel.swift; sourceTree = "<group>"; };
/* End PBXFileReference section */

/* Begin PBXFrameworksBuildPhase section */
		60A43DA124E47333009A0E39 /* Frameworks */ = {
			isa = PBXFrameworksBuildPhase;
			buildActionMask = 2147483647;
			files = (
			);
			runOnlyForDeploymentPostprocessing = 0;
		};
/* End PBXFrameworksBuildPhase section */

/* Begin PBXGroup section */
		60A43D9B24E47333009A0E39 = {
			isa = PBXGroup;
			children = (
				60A43DA624E47333009A0E39 /* recepiesExampleApp */,
			);
			sourceTree = "<group>";
		};
		60A43DA524E47333009A0E39 /* Products */ = {
			isa = PBXGroup;
			children = (
				60A43DA424E47333009A0E39 /* recipeExampleApp.app */,
			);
			name = Products;
			path = ..;
			sourceTree = "<group>";
		};
		60A43DA624E47333009A0E39 /* recepiesExampleApp */ = {
			isa = PBXGroup;
			children = (
				60A43DBD24E47B1D009A0E39 /* Screens */,
				60A43DA724E47333009A0E39 /* AppDelegate.swift */,
				60A43DBB24E475F6009A0E39 /* CustomTabBarView.swift */,
				60A43DA924E47333009A0E39 /* SceneDelegate.swift */,
				60A43DAB24E47333009A0E39 /* ContentView.swift */,
				60A43DAD24E47337009A0E39 /* Assets.xcassets */,
				60A43DB224E47337009A0E39 /* LaunchScreen.storyboard */,
				60A43DB524E47337009A0E39 /* Info.plist */,
				60A43DA524E47333009A0E39 /* Products */,
			);
			path = recepiesExampleApp;
			sourceTree = "<group>";
		};
		60A43DBD24E47B1D009A0E39 /* Screens */ = {
			isa = PBXGroup;
			children = (
				60A43DC224E47F9B009A0E39 /* Profile */,
				60A43DBE24E47BF6009A0E39 /* Discover */,
			);
			path = Screens;
			sourceTree = "<group>";
		};
		60A43DBE24E47BF6009A0E39 /* Discover */ = {
			isa = PBXGroup;
			children = (
				60A43DBF24E47C26009A0E39 /* View */,
				60A43DC024E47C2D009A0E39 /* ViewModel */,
				60A43DC124E47C3B009A0E39 /* Model */,
			);
			path = Discover;
			sourceTree = "<group>";
		};
		60A43DBF24E47C26009A0E39 /* View */ = {
			isa = PBXGroup;
			children = (
				60A624DB24E6D91E00EFDFCB /* DiscoverView.swift */,
			);
			path = View;
			sourceTree = "<group>";
		};
		60A43DC024E47C2D009A0E39 /* ViewModel */ = {
			isa = PBXGroup;
			children = (
				60A624DF24E6DEE700EFDFCB /* DiscoverViewModel.swift */,
			);
			path = ViewModel;
			sourceTree = "<group>";
		};
		60A43DC124E47C3B009A0E39 /* Model */ = {
			isa = PBXGroup;
			children = (
				60A624DD24E6DDA300EFDFCB /* Recipe.swift */,
			);
			path = Model;
			sourceTree = "<group>";
		};
		60A43DC224E47F9B009A0E39 /* Profile */ = {
			isa = PBXGroup;
			children = (
				60A43DC524E4806C009A0E39 /* View */,
				60A43DC424E47FAE009A0E39 /* ViewModel */,
				60A43DC324E47FA3009A0E39 /* Model */,
			);
			path = Profile;
			sourceTree = "<group>";
		};
		60A43DC324E47FA3009A0E39 /* Model */ = {
			isa = PBXGroup;
			children = (
			);
			path = Model;
			sourceTree = "<group>";
		};
		60A43DC424E47FAE009A0E39 /* ViewModel */ = {
			isa = PBXGroup;
			children = (
			);
			path = ViewModel;
			sourceTree = "<group>";
		};
		60A43DC524E4806C009A0E39 /* View */ = {
			isa = PBXGroup;
			children = (
				60A43DC624E4809F009A0E39 /* ProfileView.swift */,
			);
			path = View;
			sourceTree = "<group>";
		};
/* End PBXGroup section */

/* Begin PBXNativeTarget section */
		60A43DA324E47333009A0E39 /* recipeExampleApp */ = {
			isa = PBXNativeTarget;
			buildConfigurationList = 60A43DB824E47337009A0E39 /* Build configuration list for PBXNativeTarget "recipeExampleApp" */;
			buildPhases = (
				60A43DA024E47333009A0E39 /* Sources */,
				60A43DA124E47333009A0E39 /* Frameworks */,
				60A43DA224E47333009A0E39 /* Resources */,
			);
			buildRules = (
			);
			dependencies = (
			);
			name = recipeExampleApp;
			productName = recepiesExampleApp;
			productReference = 60A43DA424E47333009A0E39 /* recipeExampleApp.app */;
			productType = "com.apple.product-type.application";
		};
/* End PBXNativeTarget section */

/* Begin PBXProject section */
		60A43D9C24E47333009A0E39 /* Project object */ = {
			isa = PBXProject;
			attributes = {
				LastSwiftUpdateCheck = 1160;
				LastUpgradeCheck = 1160;
				ORGANIZATIONNAME = "Maria Eduarda";
				TargetAttributes = {
					60A43DA324E47333009A0E39 = {
						CreatedOnToolsVersion = 11.6;
					};
				};
			};
			buildConfigurationList = 60A43D9F24E47333009A0E39 /* Build configuration list for PBXProject "recipeExampleApp" */;
			compatibilityVersion = "Xcode 9.3";
			developmentRegion = en;
			hasScannedForEncodings = 0;
			knownRegions = (
				en,
				Base,
			);
			mainGroup = 60A43D9B24E47333009A0E39;
			productRefGroup = 60A43DA524E47333009A0E39 /* Products */;
			projectDirPath = "";
			projectRoot = "";
			targets = (
				60A43DA324E47333009A0E39 /* recipeExampleApp */,
			);
		};
/* End PBXProject section */

/* Begin PBXResourcesBuildPhase section */
		60A43DA224E47333009A0E39 /* Resources */ = {
			isa = PBXResourcesBuildPhase;
			buildActionMask = 2147483647;
			files = (
				60A43DB424E47337009A0E39 /* LaunchScreen.storyboard in Resources */,
				60A43DAE24E47337009A0E39 /* Assets.xcassets in Resources */,
			);
			runOnlyForDeploymentPostprocessing = 0;
		};
/* End PBXResourcesBuildPhase section */

/* Begin PBXSourcesBuildPhase section */
		60A43DA024E47333009A0E39 /* Sources */ = {
			isa = PBXSourcesBuildPhase;
			buildActionMask = 2147483647;
			files = (
				60A43DA824E47333009A0E39 /* AppDelegate.swift in Sources */,
				60A43DAA24E47333009A0E39 /* SceneDelegate.swift in Sources */,
				60A43DC724E4809F009A0E39 /* ProfileView.swift in Sources */,
				60A43DAC24E47333009A0E39 /* ContentView.swift in Sources */,
				60A624DE24E6DDA300EFDFCB /* Recipe.swift in Sources */,
				60A624E024E6DEE700EFDFCB /* DiscoverViewModel.swift in Sources */,
				60A43DBC24E475F6009A0E39 /* CustomTabBarView.swift in Sources */,
				60A624DC24E6D91E00EFDFCB /* DiscoverView.swift in Sources */,
			);
			runOnlyForDeploymentPostprocessing = 0;
		};
/* End PBXSourcesBuildPhase section */

/* Begin PBXVariantGroup section */
		60A43DB224E47337009A0E39 /* LaunchScreen.storyboard */ = {
			isa = PBXVariantGroup;
			children = (
				60A43DB324E47337009A0E39 /* Base */,
			);
			name = LaunchScreen.storyboard;
			sourceTree = "<group>";
		};
/* End PBXVariantGroup section */

/* Begin XCBuildConfiguration section */
		60A43DB624E47337009A0E39 /* Debug */ = {
			isa = XCBuildConfiguration;
			buildSettings = {
				ALWAYS_SEARCH_USER_PATHS = NO;
				CLANG_ANALYZER_NONNULL = YES;
				CLANG_ANALYZER_NUMBER_OBJECT_CONVERSION = YES_AGGRESSIVE;
				CLANG_CXX_LANGUAGE_STANDARD = "gnu++14";
				CLANG_CXX_LIBRARY = "libc++";
				CLANG_ENABLE_MODULES = YES;
				CLANG_ENABLE_OBJC_ARC = YES;
				CLANG_ENABLE_OBJC_WEAK = YES;
				CLANG_WARN_BLOCK_CAPTURE_AUTORELEASING = YES;
				CLANG_WARN_BOOL_CONVERSION = YES;
				CLANG_WARN_COMMA = YES;
				CLANG_WARN_CONSTANT_CONVERSION = YES;
				CLANG_WARN_DEPRECATED_OBJC_IMPLEMENTATIONS = YES;
				CLANG_WARN_DIRECT_OBJC_ISA_USAGE = YES_ERROR;
				CLANG_WARN_DOCUMENTATION_COMMENTS = YES;
				CLANG_WARN_EMPTY_BODY = YES;
				CLANG_WARN_ENUM_CONVERSION = YES;
				CLANG_WARN_INFINITE_RECURSION = YES;
				CLANG_WARN_INT_CONVERSION = YES;
				CLANG_WARN_NON_LITERAL_NULL_CONVERSION = YES;
				CLANG_WARN_OBJC_IMPLICIT_RETAIN_SELF = YES;
				CLANG_WARN_OBJC_LITERAL_CONVERSION = YES;
				CLANG_WARN_OBJC_ROOT_CLASS = YES_ERROR;
				CLANG_WARN_RANGE_LOOP_ANALYSIS = YES;
				CLANG_WARN_STRICT_PROTOTYPES = YES;
				CLANG_WARN_SUSPICIOUS_MOVE = YES;
				CLANG_WARN_UNGUARDED_AVAILABILITY = YES_AGGRESSIVE;
				CLANG_WARN_UNREACHABLE_CODE = YES;
				CLANG_WARN__DUPLICATE_METHOD_MATCH = YES;
				COPY_PHASE_STRIP = NO;
				DEBUG_INFORMATION_FORMAT = dwarf;
				ENABLE_STRICT_OBJC_MSGSEND = YES;
				ENABLE_TESTABILITY = YES;
				GCC_C_LANGUAGE_STANDARD = gnu11;
				GCC_DYNAMIC_NO_PIC = NO;
				GCC_NO_COMMON_BLOCKS = YES;
				GCC_OPTIMIZATION_LEVEL = 0;
				GCC_PREPROCESSOR_DEFINITIONS = (
					"DEBUG=1",
					"$(inherited)",
				);
				GCC_WARN_64_TO_32_BIT_CONVERSION = YES;
				GCC_WARN_ABOUT_RETURN_TYPE = YES_ERROR;
				GCC_WARN_UNDECLARED_SELECTOR = YES;
				GCC_WARN_UNINITIALIZED_AUTOS = YES_AGGRESSIVE;
				GCC_WARN_UNUSED_FUNCTION = YES;
				GCC_WARN_UNUSED_VARIABLE = YES;
				IPHONEOS_DEPLOYMENT_TARGET = 13.6;
				MTL_ENABLE_DEBUG_INFO = INCLUDE_SOURCE;
				MTL_FAST_MATH = YES;
				ONLY_ACTIVE_ARCH = YES;
				SDKROOT = iphoneos;
				SWIFT_ACTIVE_COMPILATION_CONDITIONS = DEBUG;
				SWIFT_OPTIMIZATION_LEVEL = "-Onone";
			};
			name = Debug;
		};
		60A43DB724E47337009A0E39 /* Release */ = {
			isa = XCBuildConfiguration;
			buildSettings = {
				ALWAYS_SEARCH_USER_PATHS = NO;
				CLANG_ANALYZER_NONNULL = YES;
				CLANG_ANALYZER_NUMBER_OBJECT_CONVERSION = YES_AGGRESSIVE;
				CLANG_CXX_LANGUAGE_STANDARD = "gnu++14";
				CLANG_CXX_LIBRARY = "libc++";
				CLANG_ENABLE_MODULES = YES;
				CLANG_ENABLE_OBJC_ARC = YES;
				CLANG_ENABLE_OBJC_WEAK = YES;
				CLANG_WARN_BLOCK_CAPTURE_AUTORELEASING = YES;
				CLANG_WARN_BOOL_CONVERSION = YES;
				CLANG_WARN_COMMA = YES;
				CLANG_WARN_CONSTANT_CONVERSION = YES;
				CLANG_WARN_DEPRECATED_OBJC_IMPLEMENTATIONS = YES;
				CLANG_WARN_DIRECT_OBJC_ISA_USAGE = YES_ERROR;
				CLANG_WARN_DOCUMENTATION_COMMENTS = YES;
				CLANG_WARN_EMPTY_BODY = YES;
				CLANG_WARN_ENUM_CONVERSION = YES;
				CLANG_WARN_INFINITE_RECURSION = YES;
				CLANG_WARN_INT_CONVERSION = YES;
				CLANG_WARN_NON_LITERAL_NULL_CONVERSION = YES;
				CLANG_WARN_OBJC_IMPLICIT_RETAIN_SELF = YES;
				CLANG_WARN_OBJC_LITERAL_CONVERSION = YES;
				CLANG_WARN_OBJC_ROOT_CLASS = YES_ERROR;
				CLANG_WARN_RANGE_LOOP_ANALYSIS = YES;
				CLANG_WARN_STRICT_PROTOTYPES = YES;
				CLANG_WARN_SUSPICIOUS_MOVE = YES;
				CLANG_WARN_UNGUARDED_AVAILABILITY = YES_AGGRESSIVE;
				CLANG_WARN_UNREACHABLE_CODE = YES;
				CLANG_WARN__DUPLICATE_METHOD_MATCH = YES;
				COPY_PHASE_STRIP = NO;
				DEBUG_INFORMATION_FORMAT = "dwarf-with-dsym";
				ENABLE_NS_ASSERTIONS = NO;
				ENABLE_STRICT_OBJC_MSGSEND = YES;
				GCC_C_LANGUAGE_STANDARD = gnu11;
				GCC_NO_COMMON_BLOCKS = YES;
				GCC_WARN_64_TO_32_BIT_CONVERSION = YES;
				GCC_WARN_ABOUT_RETURN_TYPE = YES_ERROR;
				GCC_WARN_UNDECLARED_SELECTOR = YES;
				GCC_WARN_UNINITIALIZED_AUTOS = YES_AGGRESSIVE;
				GCC_WARN_UNUSED_FUNCTION = YES;
				GCC_WARN_UNUSED_VARIABLE = YES;
				IPHONEOS_DEPLOYMENT_TARGET = 13.6;
				MTL_ENABLE_DEBUG_INFO = NO;
				MTL_FAST_MATH = YES;
				SDKROOT = iphoneos;
				SWIFT_COMPILATION_MODE = wholemodule;
				SWIFT_OPTIMIZATION_LEVEL = "-O";
				VALIDATE_PRODUCT = YES;
			};
			name = Release;
		};
		60A43DB924E47337009A0E39 /* Debug */ = {
			isa = XCBuildConfiguration;
			buildSettings = {
				ASSETCATALOG_COMPILER_APPICON_NAME = AppIcon;
				CODE_SIGN_STYLE = Automatic;
				DEVELOPMENT_ASSET_PATHS = "\"recepiesExampleApp/Preview Content\"";
				DEVELOPMENT_TEAM = 784JV863X8;
				ENABLE_PREVIEWS = YES;
				INFOPLIST_FILE = recepiesExampleApp/Info.plist;
				LD_RUNPATH_SEARCH_PATHS = (
					"$(inherited)",
					"@executable_path/Frameworks",
				);
				PRODUCT_BUNDLE_IDENTIFIER = meduardacn.recipeExampleApp;
				PRODUCT_NAME = recipeExampleApp;
				SWIFT_VERSION = 5.0;
				TARGETED_DEVICE_FAMILY = "1,2";
			};
			name = Debug;
		};
		60A43DBA24E47337009A0E39 /* Release */ = {
			isa = XCBuildConfiguration;
			buildSettings = {
				ASSETCATALOG_COMPILER_APPICON_NAME = AppIcon;
				CODE_SIGN_STYLE = Automatic;
				DEVELOPMENT_ASSET_PATHS = "\"recepiesExampleApp/Preview Content\"";
				DEVELOPMENT_TEAM = 784JV863X8;
				ENABLE_PREVIEWS = YES;
				INFOPLIST_FILE = recepiesExampleApp/Info.plist;
				LD_RUNPATH_SEARCH_PATHS = (
					"$(inherited)",
					"@executable_path/Frameworks",
				);
				PRODUCT_BUNDLE_IDENTIFIER = meduardacn.recipeExampleApp;
				PRODUCT_NAME = recipeExampleApp;
				SWIFT_VERSION = 5.0;
				TARGETED_DEVICE_FAMILY = "1,2";
			};
			name = Release;
		};
/* End XCBuildConfiguration section */

/* Begin XCConfigurationList section */
		60A43D9F24E47333009A0E39 /* Build configuration list for PBXProject "recipeExampleApp" */ = {
			isa = XCConfigurationList;
			buildConfigurations = (
				60A43DB624E47337009A0E39 /* Debug */,
				60A43DB724E47337009A0E39 /* Release */,
			);
			defaultConfigurationIsVisible = 0;
			defaultConfigurationName = Release;
		};
		60A43DB824E47337009A0E39 /* Build configuration list for PBXNativeTarget "recipeExampleApp" */ = {
			isa = XCConfigurationList;
			buildConfigurations = (
				60A43DB924E47337009A0E39 /* Debug */,
				60A43DBA24E47337009A0E39 /* Release */,
			);
			defaultConfigurationIsVisible = 0;
			defaultConfigurationName = Release;
		};
/* End XCConfigurationList section */
	};
	rootObject = 60A43D9C24E47333009A0E39 /* Project object */;
}
